<?xml version="1.0" encoding="utf-8"?>
<Project ToolsVersion="4.0" xmlns="http://schemas.microsoft.com/developer/msbuild/2003">
  <ItemGroup>
    <Filter Include="Source Files">
      <UniqueIdentifier>{4FC737F1-C7A5-4376-A066-2A32D752A2FF}</UniqueIdentifier>
      <Extensions>cpp;c;cc;cxx;c++;cppm;ixx;def;odl;idl;hpj;bat;asm;asmx</Extensions>
    </Filter>
    <Filter Include="Header Files">
      <UniqueIdentifier>{93995380-89BD-4b04-88EB-625FBE52EBFB}</UniqueIdentifier>
      <Extensions>h;hh;hpp;hxx;h++;hm;inl;inc;ipp;xsd</Extensions>
    </Filter>
    <Filter Include="Resource Files">
      <UniqueIdentifier>{67DA6AB6-F800-4c08-8B7A-83BB121AAD01}</UniqueIdentifier>
      <Extensions>rc;ico;cur;bmp;dlg;rc2;rct;bin;rgs;gif;jpg;jpeg;jpe;resx;tiff;tif;png;wav;mfcribbon-ms</Extensions>
    </Filter>
  </ItemGroup>
  <ItemGroup>
    <ClInclude Include="frontend\cheat\SDK.h">
      <Filter>Header Files</Filter>
    </ClInclude>
    <ClInclude Include="frontend\cheat\aim\aim.h">
      <Filter>Header Files</Filter>
    </ClInclude>
    <ClInclude Include="frontend\cheat\loops\loop.h">
      <Filter>Header Files</Filter>
    </ClInclude>
    <ClInclude Include="frontend\cheat\ue5\ue5.h">
      <Filter>Header Files</Filter>
    </ClInclude>
    <ClInclude Include="frontend\render\render.h">
      <Filter>Header Files</Filter>
    </ClInclude>
    <ClInclude Include="backend\ImGui\imconfig.h">
      <Filter>Header Files</Filter>
    </ClInclude>
    <ClInclude Include="backend\ImGui\imgui.h">
      <Filter>Header Files</Filter>
    </ClInclude>
    <ClInclude Include="backend\ImGui\imgui_impl_dx11.h">
      <Filter>Header Files</Filter>
    </ClInclude>
    <ClInclude Include="backend\ImGui\imgui_impl_win32.h">
      <Filter>Header Files</Filter>
    </ClInclude>
    <ClInclude Include="backend\ImGui\imgui_internal.h">
      <Filter>Header Files</Filter>
    </ClInclude>
    <ClInclude Include="backend\ImGui\imstb_rectpack.h">
      <Filter>Header Files</Filter>
    </ClInclude>
    <ClInclude Include="backend\ImGui\imstb_textedit.h">
      <Filter>Header Files</Filter>
    </ClInclude>
    <ClInclude Include="backend\ImGui\imstb_truetype.h">
      <Filter>Header Files</Filter>
    </ClInclude>
    <ClInclude Include="backend\encryption\SkCrypt.h">
      <Filter>Header Files</Filter>
    </ClInclude>
    <ClInclude Include="backend\encryption\Importer.h">
      <Filter>Header Files</Filter>
    </ClInclude>
    <ClInclude Include="backend\encryption\SpoofCall.h">
      <Filter>Header Files</Filter>
    </ClInclude>
    <ClInclude Include="backend\auth\auth.hpp">
      <Filter>Header Files</Filter>
    </ClInclude>
    <ClInclude Include="frontend\cheat\driver\driver.h">
      <Filter>Header Files</Filter>
    </ClInclude>
    <ClInclude Include="frontend\cheat\driver\request.h">
      <Filter>Header Files</Filter>
    </ClInclude>
    <ClInclude Include="frontend\cheat\driver\bytes.h">
      <Filter>Header Files</Filter>
    </ClInclude>
    <ClInclude Include="backend\mapper\binary\bytes.h">
      <Filter>Header Files</Filter>
    </ClInclude>
    <ClInclude Include="backend\mapper\binary\dropper.h">
      <Filter>Header Files</Filter>
    </ClInclude>
    <ClInclude Include="backend\mapper\hde\hde64.h">
      <Filter>Header Files</Filter>
    </ClInclude>
    <ClInclude Include="backend\mapper\hde\table64.h">
      <Filter>Header Files</Filter>
    </ClInclude>
    <ClInclude Include="backend\mapper\utils\ntdll.h">
      <Filter>Header Files</Filter>
    </ClInclude>
    <ClInclude Include="backend\mapper\global.h">
      <Filter>Header Files</Filter>
    </ClInclude>
    <ClInclude Include="backend\encryption\antidebug\anti.h">
      <Filter>Header Files</Filter>
    </ClInclude>
    <ClInclude Include="backend\ImGui\imgui_settings.h">
      <Filter>Header Files</Filter>
    </ClInclude>
    <ClInclude Include="frontend\render\font\font.h">
      <Filter>Header Files</Filter>
    </ClInclude>
  </ItemGroup>
  <ItemGroup>
    <ClCompile Include="frontend\main.cpp">
      <Filter>Source Files</Filter>
    </ClCompile>
    <ClCompile Include="frontend\cheat\aim\aim.cpp">
      <Filter>Source Files</Filter>
    </ClCompile>
    <ClCompile Include="frontend\cheat\loops\loop.cpp">
      <Filter>Source Files</Filter>
    </ClCompile>
    <ClCompile Include="frontend\cheat\ue5\ue5.cpp">
      <Filter>Source Files</Filter>
    </ClCompile>
    <ClCompile Include="frontend\render\render.cpp">
      <Filter>Source Files</Filter>
    </ClCompile>
    <ClCompile Include="backend\ImGui\imgui.cpp">
      <Filter>Source Files</Filter>
    </ClCompile>
    <ClCompile Include="backend\ImGui\imgui_draw.cpp">
      <Filter>Source Files</Filter>
    </ClCompile>
    <ClCompile Include="backend\ImGui\imgui_impl_dx11.cpp">
      <Filter>Source Files</Filter>
    </ClCompile>
    <ClCompile Include="backend\ImGui\imgui_impl_win32.cpp">
      <Filter>Source Files</Filter>
    </ClCompile>
    <ClCompile Include="backend\ImGui\imgui_tables.cpp">
      <Filter>Source Files</Filter>
    </ClCompile>
    <ClCompile Include="backend\ImGui\imgui_widgets.cpp">
      <Filter>Source Files</Filter>
    </ClCompile>
    <ClCompile Include="frontend\cheat\driver\driver.cpp">
      <Filter>Source Files</Filter>
    </ClCompile>
    <ClCompile Include="backend\mapper\exploit\pe.cpp">
      <Filter>Source Files</Filter>
    </ClCompile>
    <ClCompile Include="backend\mapper\exploit\swind2.cpp">
      <Filter>Source Files</Filter>
    </ClCompile>
    <ClCompile Include="backend\mapper\hde\hde64.c">
      <Filter>Source Files</Filter>
    </ClCompile>
    <ClCompile Include="backend\encryption\antidebug\anti.cpp">
      <Filter>Source Files</Filter>
    </ClCompile>
    <ClCompile Include="backend\ImGui\imgui_demo.cpp">
      <Filter>Source Files</Filter>
    </ClCompile>
  </ItemGroup>
  <ItemGroup>
    <Library Include="backend\auth\library_x64 (1).lib" />
    <Library Include="backend\auth\libcurl.lib" />
  </ItemGroup>
</Project>